
Microsoft Visual Studio Solution File, Format Version 12.00
# Visual Studio Version 17
VisualStudioVersion = 17.8.34309.116
MinimumVisualStudioVersion = 10.0.40219.1
Project("{FAE04EC0-301F-11D3-BF4B-00C04F79EFBC}") = "TicTacToe", "TicTacToe\TicTacToe.csproj", "{7CAC711A-B7F2-4687-8F57-38ABF1AB5666}"
EndProject
Global
	GlobalSection(SolutionConfigurationPlatforms) = preSolution
		Debug|Any CPU = Debug|Any CPU
		Release|Any CPU = Release|Any CPU
	EndGlobalSection
	GlobalSection(ProjectConfigurationPlatforms) = postSolution
		{7CAC711A-B7F2-4687-8F57-38ABF1AB5666}.Debug|Any CPU.ActiveCfg = Debug|Any CPU
		{7CAC711A-B7F2-4687-8F57-38ABF1AB5666}.Debug|Any CPU.Build.0 = Debug|Any CPU
		{7CAC711A-B7F2-4687-8F57-38ABF1AB5666}.Release|Any CPU.ActiveCfg = Release|Any CPU
		{7CAC711A-B7F2-4687-8F57-38ABF1AB5666}.Release|Any CPU.Build.0 = Release|Any CPU
	EndGlobalSection
	GlobalSection(SolutionProperties) = preSolution
		HideSolutionNode = FALSE
	EndGlobalSection
	GlobalSection(ExtensibilityGlobals) = postSolution
		SolutionGuid = {127491FA-49F3-4412-B281-F23A44F89EDE}
	EndGlobalSection
EndGlobal
